
Microsoft Visual Studio Solution File, Format Version 12.00
# Visual Studio Version 17
VisualStudioVersion = 17.3.32929.385
MinimumVisualStudioVersion = 10.0.40219.1
Project("{9A19103F-16F7-4668-BE54-9A1E7A4F7556}") = "RenderEngine", "RenderEngine\RenderEngine.csproj", "{F768734E-CC99-4ADF-AA6E-1F62E20BC2DB}"
EndProject
Project("{9A19103F-16F7-4668-BE54-9A1E7A4F7556}") = "RenderEngine.Tests", "RenderEngine.Tests\RenderEngine.Tests.csproj", "{6D7EBDCD-C47D-42DF-8E73-E3522CE16BCC}"
EndProject
Project("{9A19103F-16F7-4668-BE54-9A1E7A4F7556}") = "RenderEngine.Console", "RenderEngine.Console\RenderEngine.Console.csproj", "{4FF77203-DDAA-49C3-ABC2-203BE3B5A769}"
	ProjectSection(ProjectDependencies) = postProject
		{F768734E-CC99-4ADF-AA6E-1F62E20BC2DB} = {F768734E-CC99-4ADF-AA6E-1F62E20BC2DB}
	EndProjectSection
EndProject
Global
	GlobalSection(SolutionConfigurationPlatforms) = preSolution
		Debug|Any CPU = Debug|Any CPU
		Release|Any CPU = Release|Any CPU
	EndGlobalSection
	GlobalSection(ProjectConfigurationPlatforms) = postSolution
		{F768734E-CC99-4ADF-AA6E-1F62E20BC2DB}.Debug|Any CPU.ActiveCfg = Debug|Any CPU
		{F768734E-CC99-4ADF-AA6E-1F62E20BC2DB}.Debug|Any CPU.Build.0 = Debug|Any CPU
		{F768734E-CC99-4ADF-AA6E-1F62E20BC2DB}.Release|Any CPU.ActiveCfg = Release|Any CPU
		{F768734E-CC99-4ADF-AA6E-1F62E20BC2DB}.Release|Any CPU.Build.0 = Release|Any CPU
		{6D7EBDCD-C47D-42DF-8E73-E3522CE16BCC}.Debug|Any CPU.ActiveCfg = Debug|Any CPU
		{6D7EBDCD-C47D-42DF-8E73-E3522CE16BCC}.Debug|Any CPU.Build.0 = Debug|Any CPU
		{6D7EBDCD-C47D-42DF-8E73-E3522CE16BCC}.Release|Any CPU.ActiveCfg = Release|Any CPU
		{6D7EBDCD-C47D-42DF-8E73-E3522CE16BCC}.Release|Any CPU.Build.0 = Release|Any CPU
		{4FF77203-DDAA-49C3-ABC2-203BE3B5A769}.Debug|Any CPU.ActiveCfg = Debug|Any CPU
		{4FF77203-DDAA-49C3-ABC2-203BE3B5A769}.Debug|Any CPU.Build.0 = Debug|Any CPU
		{4FF77203-DDAA-49C3-ABC2-203BE3B5A769}.Release|Any CPU.ActiveCfg = Release|Any CPU
		{4FF77203-DDAA-49C3-ABC2-203BE3B5A769}.Release|Any CPU.Build.0 = Release|Any CPU
	EndGlobalSection
	GlobalSection(SolutionProperties) = preSolution
		HideSolutionNode = FALSE
	EndGlobalSection
	GlobalSection(ExtensibilityGlobals) = postSolution
		SolutionGuid = {1A747DD2-232F-4C37-B010-6BBD66890D71}
	EndGlobalSection
EndGlobal
