
Microsoft Visual Studio Solution File, Format Version 12.00
# Visual Studio Version 17
VisualStudioVersion = 17.3.32929.385
MinimumVisualStudioVersion = 10.0.40219.1
Project("{9A19103F-16F7-4668-BE54-9A1E7A4F7556}") = "RenderEngine", "RenderEngine\RenderEngine.csproj", "{F768734E-CC99-4ADF-AA6E-1F62E20BC2DB}"
EndProject
Project("{9A19103F-16F7-4668-BE54-9A1E7A4F7556}") = "RenderEngine.Tests", "RenderEngine.Tests\RenderEngine.Tests.csproj", "{6D7EBDCD-C47D-42DF-8E73-E3522CE16BCC}"
EndProject
Project("{9A19103F-16F7-4668-BE54-9A1E7A4F7556}") = "RenderEngine.Cli", "RenderEngine.Cli\RenderEngine.Cli.csproj", "{4FF77203-DDAA-49C3-ABC2-203BE3B5A769}"
	ProjectSection(ProjectDependencies) = postProject
		{F768734E-CC99-4ADF-AA6E-1F62E20BC2DB} = {F768734E-CC99-4ADF-AA6E-1F62E20BC2DB}
	EndProjectSection
EndProject
Project("{2150E333-8FDC-42A3-9474-1A3956D46DE8}") = "Solution Items", "Solution Items", "{83ED2C33-2641-4DCD-BA00-74325D72402E}"
	ProjectSection(SolutionItems) = preProject
		.editorconfig = .editorconfig
	EndProjectSection
EndProject
Project("{9A19103F-16F7-4668-BE54-9A1E7A4F7556}") = "RenderEngine.ImageConverter", "RenderEngine.ImageConverter\RenderEngine.ImageConverter.csproj", "{D3E753FA-6626-469A-BB16-345000941A66}"
EndProject
Project("{2150E333-8FDC-42A3-9474-1A3956D46DE8}") = "Plugins", "Plugins", "{25E7F207-F6E9-4AAD-8250-81429B968A77}"
	ProjectSection(SolutionItems) = preProject
		Plugins\Directory.Build.props = Plugins\Directory.Build.props
	EndProjectSection
EndProject
Project("{2150E333-8FDC-42A3-9474-1A3956D46DE8}") = "Readers", "Readers", "{0E330DA7-245A-4A9C-8616-4EF6884F7554}"
EndProject
Project("{2150E333-8FDC-42A3-9474-1A3956D46DE8}") = "Writers", "Writers", "{8D15C085-C5D3-4BDE-A217-45BBFADAAC67}"
EndProject
Project("{9A19103F-16F7-4668-BE54-9A1E7A4F7556}") = "BmpReader", "Plugins\Readers\BmpReader\BmpReader.csproj", "{13B6B623-E91C-40EC-8B4D-B8339D1CFACA}"
EndProject
Project("{9A19103F-16F7-4668-BE54-9A1E7A4F7556}") = "BmpWriter", "Plugins\Writers\BmpWriter\BmpWriter.csproj", "{D323C744-02F3-4272-AA70-7DD270004E49}"
EndProject
Project("{9A19103F-16F7-4668-BE54-9A1E7A4F7556}") = "PngReader", "Plugins\Readers\PngReader\PngReader.csproj", "{828DB7E6-2155-4E03-BF5A-1BF41201C681}"
EndProject
Project("{9A19103F-16F7-4668-BE54-9A1E7A4F7556}") = "PngWriter", "Plugins\Writers\PngWriter\PngWriter.csproj", "{4C5623BD-575D-40FA-A91A-B6363C554D03}"
EndProject
Global
	GlobalSection(SolutionConfigurationPlatforms) = preSolution
		Debug|Any CPU = Debug|Any CPU
		Release|Any CPU = Release|Any CPU
	EndGlobalSection
	GlobalSection(ProjectConfigurationPlatforms) = postSolution
		{F768734E-CC99-4ADF-AA6E-1F62E20BC2DB}.Debug|Any CPU.ActiveCfg = Debug|Any CPU
		{F768734E-CC99-4ADF-AA6E-1F62E20BC2DB}.Debug|Any CPU.Build.0 = Debug|Any CPU
		{F768734E-CC99-4ADF-AA6E-1F62E20BC2DB}.Release|Any CPU.ActiveCfg = Release|Any CPU
		{F768734E-CC99-4ADF-AA6E-1F62E20BC2DB}.Release|Any CPU.Build.0 = Release|Any CPU
		{6D7EBDCD-C47D-42DF-8E73-E3522CE16BCC}.Debug|Any CPU.ActiveCfg = Debug|Any CPU
		{6D7EBDCD-C47D-42DF-8E73-E3522CE16BCC}.Debug|Any CPU.Build.0 = Debug|Any CPU
		{6D7EBDCD-C47D-42DF-8E73-E3522CE16BCC}.Release|Any CPU.ActiveCfg = Release|Any CPU
		{6D7EBDCD-C47D-42DF-8E73-E3522CE16BCC}.Release|Any CPU.Build.0 = Release|Any CPU
		{4FF77203-DDAA-49C3-ABC2-203BE3B5A769}.Debug|Any CPU.ActiveCfg = Debug|Any CPU
		{4FF77203-DDAA-49C3-ABC2-203BE3B5A769}.Debug|Any CPU.Build.0 = Debug|Any CPU
		{4FF77203-DDAA-49C3-ABC2-203BE3B5A769}.Release|Any CPU.ActiveCfg = Release|Any CPU
		{4FF77203-DDAA-49C3-ABC2-203BE3B5A769}.Release|Any CPU.Build.0 = Release|Any CPU
		{D3E753FA-6626-469A-BB16-345000941A66}.Debug|Any CPU.ActiveCfg = Debug|Any CPU
		{D3E753FA-6626-469A-BB16-345000941A66}.Debug|Any CPU.Build.0 = Debug|Any CPU
		{D3E753FA-6626-469A-BB16-345000941A66}.Release|Any CPU.ActiveCfg = Release|Any CPU
		{D3E753FA-6626-469A-BB16-345000941A66}.Release|Any CPU.Build.0 = Release|Any CPU
		{13B6B623-E91C-40EC-8B4D-B8339D1CFACA}.Debug|Any CPU.ActiveCfg = Debug|Any CPU
		{13B6B623-E91C-40EC-8B4D-B8339D1CFACA}.Debug|Any CPU.Build.0 = Debug|Any CPU
		{13B6B623-E91C-40EC-8B4D-B8339D1CFACA}.Release|Any CPU.ActiveCfg = Release|Any CPU
		{13B6B623-E91C-40EC-8B4D-B8339D1CFACA}.Release|Any CPU.Build.0 = Release|Any CPU
		{D323C744-02F3-4272-AA70-7DD270004E49}.Debug|Any CPU.ActiveCfg = Debug|Any CPU
		{D323C744-02F3-4272-AA70-7DD270004E49}.Debug|Any CPU.Build.0 = Debug|Any CPU
		{D323C744-02F3-4272-AA70-7DD270004E49}.Release|Any CPU.ActiveCfg = Release|Any CPU
		{D323C744-02F3-4272-AA70-7DD270004E49}.Release|Any CPU.Build.0 = Release|Any CPU
		{828DB7E6-2155-4E03-BF5A-1BF41201C681}.Debug|Any CPU.ActiveCfg = Debug|Any CPU
		{828DB7E6-2155-4E03-BF5A-1BF41201C681}.Debug|Any CPU.Build.0 = Debug|Any CPU
		{828DB7E6-2155-4E03-BF5A-1BF41201C681}.Release|Any CPU.ActiveCfg = Release|Any CPU
		{828DB7E6-2155-4E03-BF5A-1BF41201C681}.Release|Any CPU.Build.0 = Release|Any CPU
		{4C5623BD-575D-40FA-A91A-B6363C554D03}.Debug|Any CPU.ActiveCfg = Debug|Any CPU
		{4C5623BD-575D-40FA-A91A-B6363C554D03}.Debug|Any CPU.Build.0 = Debug|Any CPU
		{4C5623BD-575D-40FA-A91A-B6363C554D03}.Release|Any CPU.ActiveCfg = Release|Any CPU
		{4C5623BD-575D-40FA-A91A-B6363C554D03}.Release|Any CPU.Build.0 = Release|Any CPU
	EndGlobalSection
	GlobalSection(SolutionProperties) = preSolution
		HideSolutionNode = FALSE
	EndGlobalSection
	GlobalSection(NestedProjects) = preSolution
		{0E330DA7-245A-4A9C-8616-4EF6884F7554} = {25E7F207-F6E9-4AAD-8250-81429B968A77}
		{8D15C085-C5D3-4BDE-A217-45BBFADAAC67} = {25E7F207-F6E9-4AAD-8250-81429B968A77}
		{13B6B623-E91C-40EC-8B4D-B8339D1CFACA} = {0E330DA7-245A-4A9C-8616-4EF6884F7554}
		{D323C744-02F3-4272-AA70-7DD270004E49} = {8D15C085-C5D3-4BDE-A217-45BBFADAAC67}
		{828DB7E6-2155-4E03-BF5A-1BF41201C681} = {0E330DA7-245A-4A9C-8616-4EF6884F7554}
		{4C5623BD-575D-40FA-A91A-B6363C554D03} = {8D15C085-C5D3-4BDE-A217-45BBFADAAC67}
	EndGlobalSection
	GlobalSection(ExtensibilityGlobals) = postSolution
		SolutionGuid = {1A747DD2-232F-4C37-B010-6BBD66890D71}
	EndGlobalSection
EndGlobal
